
Microsoft Visual Studio Solution File, Format Version 12.00
# Visual Studio Version 16
VisualStudioVersion = 16.0.29102.190
MinimumVisualStudioVersion = 10.0.40219.1
Project("{FAE04EC0-301F-11D3-BF4B-00C04F79EFBC}") = "CsApp_PromedioCalificaciones", "CsApp_PromedioCalificaciones.csproj", "{75C2922D-64D0-457B-A9A0-B30078F92F92}"
EndProject
Global
	GlobalSection(SolutionConfigurationPlatforms) = preSolution
		Debug|Any CPU = Debug|Any CPU
		Release|Any CPU = Release|Any CPU
	EndGlobalSection
	GlobalSection(ProjectConfigurationPlatforms) = postSolution
		{75C2922D-64D0-457B-A9A0-B30078F92F92}.Debug|Any CPU.ActiveCfg = Debug|Any CPU
		{75C2922D-64D0-457B-A9A0-B30078F92F92}.Debug|Any CPU.Build.0 = Debug|Any CPU
		{75C2922D-64D0-457B-A9A0-B30078F92F92}.Release|Any CPU.ActiveCfg = Release|Any CPU
		{75C2922D-64D0-457B-A9A0-B30078F92F92}.Release|Any CPU.Build.0 = Release|Any CPU
	EndGlobalSection
	GlobalSection(SolutionProperties) = preSolution
		HideSolutionNode = FALSE
	EndGlobalSection
	GlobalSection(ExtensibilityGlobals) = postSolution
		SolutionGuid = {37D2CB29-74DE-469C-A049-D86EDF78E0D2}
	EndGlobalSection
EndGlobal
